{
  "nodes": {
    "home-manager": {
      "inputs": {
        "nixpkgs": [
          "nixpkgs"
        ],
        "utils": "utils"
      },
      "locked": {
        "lastModified": 1676367705,
        "narHash": "sha256-un5UbRat9TwruyImtwUGcKF823rCEp4fQxnsaLFL7CM=",
        "owner": "rycee",
        "repo": "home-manager",
        "rev": "da72e6fc6b7dc0c3f94edbd310aae7cd95c678b5",
        "type": "github"
      },
      "original": {
        "owner": "rycee",
        "ref": "master",
        "repo": "home-manager",
        "type": "github"
      }
    },
    "impermanence": {
      "locked": {
        "lastModified": 1675359654,
        "narHash": "sha256-FPxzuvJkcO49g4zkWLSeuZkln54bLoTtrggZDJBH90I=",
        "owner": "nix-community",
        "repo": "impermanence",
        "rev": "6138eb8e737bffabd4c8fc78ae015d4fd6a7e2fd",
        "type": "github"
      },
      "original": {
        "owner": "nix-community",
        "repo": "impermanence",
        "type": "github"
      }
    },
    "nixpkgs": {
      "locked": {
        "lastModified": 1676300157,
        "narHash": "sha256-1HjRzfp6LOLfcj/HJHdVKWAkX9QRAouoh6AjzJiIerU=",
        "owner": "NixOS",
        "repo": "nixpkgs",
        "rev": "545c7a31e5dedea4a6d372712a18e00ce097d462",
        "type": "github"
      },
      "original": {
        "id": "nixpkgs",
        "ref": "nixos-unstable",
        "type": "indirect"
      }
    },
    "root": {
      "inputs": {
        "home-manager": "home-manager",
        "impermanence": "impermanence",
        "nixpkgs": "nixpkgs"
      }
    },
    "utils": {
      "locked": {
        "lastModified": 1667395993,
        "narHash": "sha256-nuEHfE/LcWyuSWnS8t12N1wc105Qtau+/OdUAjtQ0rA=",
        "owner": "numtide",
        "repo": "flake-utils",
        "rev": "5aed5285a952e0b949eb3ba02c12fa4fcfef535f",
        "type": "github"
      },
      "original": {
        "owner": "numtide",
        "repo": "flake-utils",
        "type": "github"
      }
    }
  },
  "root": "root",
  "version": 7
}
